// !$*UTF8*$!
{
	archiveVersion = 1;
	classes = {
	};
	objectVersion = 46;
	objects = {

/* Begin PBXBuildFile section */
		4D4E21671A69CD13006AD680 /* ofxAssimpAnimation.cpp in Sources */ = {isa = PBXBuildFile; fileRef = 4D4E21331A69CD13006AD680 /* ofxAssimpAnimation.cpp */; };
		4D4E21681A69CD13006AD680 /* ofxAssimpMeshHelper.cpp in Sources */ = {isa = PBXBuildFile; fileRef = 4D4E21351A69CD13006AD680 /* ofxAssimpMeshHelper.cpp */; };
		4D4E21691A69CD13006AD680 /* ofxAssimpModelLoader.cpp in Sources */ = {isa = PBXBuildFile; fileRef = 4D4E21371A69CD13006AD680 /* ofxAssimpModelLoader.cpp */; };
		4D4E216A1A69CD13006AD680 /* ofxAssimpTexture.cpp in Sources */ = {isa = PBXBuildFile; fileRef = 4D4E21391A69CD13006AD680 /* ofxAssimpTexture.cpp */; };
		4D4E216B1A69CD13006AD680 /* assimp.a in Frameworks */ = {isa = PBXBuildFile; fileRef = 4D4E21661A69CD13006AD680 /* assimp.a */; };
		4D4E216E1A69EAA3006AD680 /* libtbb.dylib in Frameworks */ = {isa = PBXBuildFile; fileRef = 4D4E216D1A69EAA3006AD680 /* libtbb.dylib */; };
		4D4E21761A69FA6A006AD680 /* ofxTransitions.cpp in Sources */ = {isa = PBXBuildFile; fileRef = 4D4E21721A69FA6A006AD680 /* ofxTransitions.cpp */; };
		4D4E21771A69FA6A006AD680 /* ofxTweener.cpp in Sources */ = {isa = PBXBuildFile; fileRef = 4D4E21741A69FA6A006AD680 /* ofxTweener.cpp */; };
		4DC004DE1A57EBBB00C1D6AB /* ofxModifierKeys_impl_linux.cpp in Sources */ = {isa = PBXBuildFile; fileRef = 4DC004DB1A57EBBB00C1D6AB /* ofxModifierKeys_impl_linux.cpp */; };
		4DC004DF1A57EBBB00C1D6AB /* ofxModifierKeys_impl_mac.mm in Sources */ = {isa = PBXBuildFile; fileRef = 4DC004DC1A57EBBB00C1D6AB /* ofxModifierKeys_impl_mac.mm */; };
		4DC004E01A57EBBB00C1D6AB /* ofxModifierKeys_impl_win.cpp in Sources */ = {isa = PBXBuildFile; fileRef = 4DC004DD1A57EBBB00C1D6AB /* ofxModifierKeys_impl_win.cpp */; };
		4DC005051A57EBDA00C1D6AB /* ofxGpuNoise.cpp in Sources */ = {isa = PBXBuildFile; fileRef = 4DC004FD1A57EBDA00C1D6AB /* ofxGpuNoise.cpp */; };
		4DC005061A57EBDA00C1D6AB /* ofxGpuNoiseShaders.cpp in Sources */ = {isa = PBXBuildFile; fileRef = 4DC004FF1A57EBDA00C1D6AB /* ofxGpuNoiseShaders.cpp */; };
		4DC0050F1A57EBEE00C1D6AB /* ad_util.cpp in Sources */ = {isa = PBXBuildFile; fileRef = 4DC0050D1A57EBEE00C1D6AB /* ad_util.cpp */; };
		4DC005141A57EE7200C1D6AB /* ofxFastFboReader.cpp in Sources */ = {isa = PBXBuildFile; fileRef = 4DC005121A57EE7200C1D6AB /* ofxFastFboReader.cpp */; };
		BBAB23CB13894F3D00AA2426 /* GLUT.framework in CopyFiles */ = {isa = PBXBuildFile; fileRef = BBAB23BE13894E4700AA2426 /* GLUT.framework */; };
		E4328149138ABC9F0047C5CB /* openFrameworksDebug.a in Frameworks */ = {isa = PBXBuildFile; fileRef = E4328148138ABC890047C5CB /* openFrameworksDebug.a */; };
		E45BE97B0E8CC7DD009D7055 /* AGL.framework in Frameworks */ = {isa = PBXBuildFile; fileRef = E45BE9710E8CC7DD009D7055 /* AGL.framework */; };
		E45BE97C0E8CC7DD009D7055 /* ApplicationServices.framework in Frameworks */ = {isa = PBXBuildFile; fileRef = E45BE9720E8CC7DD009D7055 /* ApplicationServices.framework */; };
		E45BE97D0E8CC7DD009D7055 /* AudioToolbox.framework in Frameworks */ = {isa = PBXBuildFile; fileRef = E45BE9730E8CC7DD009D7055 /* AudioToolbox.framework */; };
		E45BE97F0E8CC7DD009D7055 /* CoreAudio.framework in Frameworks */ = {isa = PBXBuildFile; fileRef = E45BE9750E8CC7DD009D7055 /* CoreAudio.framework */; };
		E45BE9800E8CC7DD009D7055 /* CoreFoundation.framework in Frameworks */ = {isa = PBXBuildFile; fileRef = E45BE9760E8CC7DD009D7055 /* CoreFoundation.framework */; };
		E45BE9810E8CC7DD009D7055 /* CoreServices.framework in Frameworks */ = {isa = PBXBuildFile; fileRef = E45BE9770E8CC7DD009D7055 /* CoreServices.framework */; };
		E45BE9830E8CC7DD009D7055 /* OpenGL.framework in Frameworks */ = {isa = PBXBuildFile; fileRef = E45BE9790E8CC7DD009D7055 /* OpenGL.framework */; };
		E45BE9840E8CC7DD009D7055 /* QuickTime.framework in Frameworks */ = {isa = PBXBuildFile; fileRef = E45BE97A0E8CC7DD009D7055 /* QuickTime.framework */; };
		E4B69E200A3A1BDC003C02F2 /* main.cpp in Sources */ = {isa = PBXBuildFile; fileRef = E4B69E1D0A3A1BDC003C02F2 /* main.cpp */; };
		E4B69E210A3A1BDC003C02F2 /* ofApp.cpp in Sources */ = {isa = PBXBuildFile; fileRef = E4B69E1E0A3A1BDC003C02F2 /* ofApp.cpp */; };
		E4C2424710CC5A17004149E2 /* AppKit.framework in Frameworks */ = {isa = PBXBuildFile; fileRef = E4C2424410CC5A17004149E2 /* AppKit.framework */; };
		E4C2424810CC5A17004149E2 /* Cocoa.framework in Frameworks */ = {isa = PBXBuildFile; fileRef = E4C2424510CC5A17004149E2 /* Cocoa.framework */; };
		E4C2424910CC5A17004149E2 /* IOKit.framework in Frameworks */ = {isa = PBXBuildFile; fileRef = E4C2424610CC5A17004149E2 /* IOKit.framework */; };
		E4EB6799138ADC1D00A09F29 /* GLUT.framework in Frameworks */ = {isa = PBXBuildFile; fileRef = BBAB23BE13894E4700AA2426 /* GLUT.framework */; };
		E7E077E515D3B63C0020DFD4 /* CoreVideo.framework in Frameworks */ = {isa = PBXBuildFile; fileRef = E7E077E415D3B63C0020DFD4 /* CoreVideo.framework */; };
		E7E077E815D3B6510020DFD4 /* QTKit.framework in Frameworks */ = {isa = PBXBuildFile; fileRef = E7E077E715D3B6510020DFD4 /* QTKit.framework */; };
		E7F985F815E0DEA3003869B5 /* Accelerate.framework in Frameworks */ = {isa = PBXBuildFile; fileRef = E7F985F515E0DE99003869B5 /* Accelerate.framework */; };
/* End PBXBuildFile section */

/* Begin PBXContainerItemProxy section */
		E4328147138ABC890047C5CB /* PBXContainerItemProxy */ = {
			isa = PBXContainerItemProxy;
			containerPortal = E4328143138ABC890047C5CB /* openFrameworksLib.xcodeproj */;
			proxyType = 2;
			remoteGlobalIDString = E4B27C1510CBEB8E00536013;
			remoteInfo = openFrameworks;
		};
		E4EEB9AB138B136A00A80321 /* PBXContainerItemProxy */ = {
			isa = PBXContainerItemProxy;
			containerPortal = E4328143138ABC890047C5CB /* openFrameworksLib.xcodeproj */;
			proxyType = 1;
			remoteGlobalIDString = E4B27C1410CBEB8E00536013;
			remoteInfo = openFrameworks;
		};
/* End PBXContainerItemProxy section */

/* Begin PBXCopyFilesBuildPhase section */
		E4C2427710CC5ABF004149E2 /* CopyFiles */ = {
			isa = PBXCopyFilesBuildPhase;
			buildActionMask = 2147483647;
			dstPath = "";
			dstSubfolderSpec = 10;
			files = (
				BBAB23CB13894F3D00AA2426 /* GLUT.framework in CopyFiles */,
			);
			runOnlyForDeploymentPostprocessing = 0;
		};
/* End PBXCopyFilesBuildPhase section */

/* Begin PBXFileReference section */
		4D4E21331A69CD13006AD680 /* ofxAssimpAnimation.cpp */ = {isa = PBXFileReference; lastKnownFileType = sourcecode.cpp.cpp; path = ofxAssimpAnimation.cpp; sourceTree = "<group>"; };
		4D4E21341A69CD13006AD680 /* ofxAssimpAnimation.h */ = {isa = PBXFileReference; lastKnownFileType = sourcecode.c.h; path = ofxAssimpAnimation.h; sourceTree = "<group>"; };
		4D4E21351A69CD13006AD680 /* ofxAssimpMeshHelper.cpp */ = {isa = PBXFileReference; lastKnownFileType = sourcecode.cpp.cpp; path = ofxAssimpMeshHelper.cpp; sourceTree = "<group>"; };
		4D4E21361A69CD13006AD680 /* ofxAssimpMeshHelper.h */ = {isa = PBXFileReference; lastKnownFileType = sourcecode.c.h; path = ofxAssimpMeshHelper.h; sourceTree = "<group>"; };
		4D4E21371A69CD13006AD680 /* ofxAssimpModelLoader.cpp */ = {isa = PBXFileReference; lastKnownFileType = sourcecode.cpp.cpp; path = ofxAssimpModelLoader.cpp; sourceTree = "<group>"; };
		4D4E21381A69CD13006AD680 /* ofxAssimpModelLoader.h */ = {isa = PBXFileReference; lastKnownFileType = sourcecode.c.h; path = ofxAssimpModelLoader.h; sourceTree = "<group>"; };
		4D4E21391A69CD13006AD680 /* ofxAssimpTexture.cpp */ = {isa = PBXFileReference; lastKnownFileType = sourcecode.cpp.cpp; path = ofxAssimpTexture.cpp; sourceTree = "<group>"; };
		4D4E213A1A69CD13006AD680 /* ofxAssimpTexture.h */ = {isa = PBXFileReference; lastKnownFileType = sourcecode.c.h; path = ofxAssimpTexture.h; sourceTree = "<group>"; };
		4D4E213B1A69CD13006AD680 /* ofxAssimpUtils.h */ = {isa = PBXFileReference; lastKnownFileType = sourcecode.c.h; path = ofxAssimpUtils.h; sourceTree = "<group>"; };
		4D4E213F1A69CD13006AD680 /* aiAnim.h */ = {isa = PBXFileReference; lastKnownFileType = sourcecode.c.h; path = aiAnim.h; sourceTree = "<group>"; };
		4D4E21401A69CD13006AD680 /* aiAssert.h */ = {isa = PBXFileReference; lastKnownFileType = sourcecode.c.h; path = aiAssert.h; sourceTree = "<group>"; };
		4D4E21411A69CD13006AD680 /* aiCamera.h */ = {isa = PBXFileReference; lastKnownFileType = sourcecode.c.h; path = aiCamera.h; sourceTree = "<group>"; };
		4D4E21421A69CD13006AD680 /* aiColor4D.h */ = {isa = PBXFileReference; lastKnownFileType = sourcecode.c.h; path = aiColor4D.h; sourceTree = "<group>"; };
		4D4E21431A69CD13006AD680 /* aiColor4D.inl */ = {isa = PBXFileReference; lastKnownFileType = text; path = aiColor4D.inl; sourceTree = "<group>"; };
		4D4E21441A69CD13006AD680 /* aiConfig.h */ = {isa = PBXFileReference; lastKnownFileType = sourcecode.c.h; path = aiConfig.h; sourceTree = "<group>"; };
		4D4E21451A69CD13006AD680 /* aiDefines.h */ = {isa = PBXFileReference; lastKnownFileType = sourcecode.c.h; path = aiDefines.h; sourceTree = "<group>"; };
		4D4E21461A69CD13006AD680 /* aiFileIO.h */ = {isa = PBXFileReference; lastKnownFileType = sourcecode.c.h; path = aiFileIO.h; sourceTree = "<group>"; };
		4D4E21471A69CD13006AD680 /* aiLight.h */ = {isa = PBXFileReference; lastKnownFileType = sourcecode.c.h; path = aiLight.h; sourceTree = "<group>"; };
		4D4E21481A69CD13006AD680 /* aiMaterial.h */ = {isa = PBXFileReference; lastKnownFileType = sourcecode.c.h; path = aiMaterial.h; sourceTree = "<group>"; };
		4D4E21491A69CD13006AD680 /* aiMaterial.inl */ = {isa = PBXFileReference; lastKnownFileType = text; path = aiMaterial.inl; sourceTree = "<group>"; };
		4D4E214A1A69CD13006AD680 /* aiMatrix3x3.h */ = {isa = PBXFileReference; lastKnownFileType = sourcecode.c.h; path = aiMatrix3x3.h; sourceTree = "<group>"; };
		4D4E214B1A69CD13006AD680 /* aiMatrix3x3.inl */ = {isa = PBXFileReference; lastKnownFileType = text; path = aiMatrix3x3.inl; sourceTree = "<group>"; };
		4D4E214C1A69CD13006AD680 /* aiMatrix4x4.h */ = {isa = PBXFileReference; lastKnownFileType = sourcecode.c.h; path = aiMatrix4x4.h; sourceTree = "<group>"; };
		4D4E214D1A69CD13006AD680 /* aiMatrix4x4.inl */ = {isa = PBXFileReference; lastKnownFileType = text; path = aiMatrix4x4.inl; sourceTree = "<group>"; };
		4D4E214E1A69CD13006AD680 /* aiMesh.h */ = {isa = PBXFileReference; lastKnownFileType = sourcecode.c.h; path = aiMesh.h; sourceTree = "<group>"; };
		4D4E214F1A69CD13006AD680 /* aiPostProcess.h */ = {isa = PBXFileReference; lastKnownFileType = sourcecode.c.h; path = aiPostProcess.h; sourceTree = "<group>"; };
		4D4E21501A69CD13006AD680 /* aiQuaternion.h */ = {isa = PBXFileReference; lastKnownFileType = sourcecode.c.h; path = aiQuaternion.h; sourceTree = "<group>"; };
		4D4E21511A69CD13006AD680 /* aiScene.h */ = {isa = PBXFileReference; lastKnownFileType = sourcecode.c.h; path = aiScene.h; sourceTree = "<group>"; };
		4D4E21521A69CD13006AD680 /* aiTexture.h */ = {isa = PBXFileReference; lastKnownFileType = sourcecode.c.h; path = aiTexture.h; sourceTree = "<group>"; };
		4D4E21531A69CD13006AD680 /* aiTypes.h */ = {isa = PBXFileReference; lastKnownFileType = sourcecode.c.h; path = aiTypes.h; sourceTree = "<group>"; };
		4D4E21541A69CD13006AD680 /* aiVector2D.h */ = {isa = PBXFileReference; lastKnownFileType = sourcecode.c.h; path = aiVector2D.h; sourceTree = "<group>"; };
		4D4E21551A69CD13006AD680 /* aiVector3D.h */ = {isa = PBXFileReference; lastKnownFileType = sourcecode.c.h; path = aiVector3D.h; sourceTree = "<group>"; };
		4D4E21561A69CD13006AD680 /* aiVector3D.inl */ = {isa = PBXFileReference; lastKnownFileType = text; path = aiVector3D.inl; sourceTree = "<group>"; };
		4D4E21571A69CD13006AD680 /* aiVersion.h */ = {isa = PBXFileReference; lastKnownFileType = sourcecode.c.h; path = aiVersion.h; sourceTree = "<group>"; };
		4D4E21581A69CD13006AD680 /* assimp.h */ = {isa = PBXFileReference; lastKnownFileType = sourcecode.c.h; path = assimp.h; sourceTree = "<group>"; };
		4D4E21591A69CD13006AD680 /* assimp.hpp */ = {isa = PBXFileReference; lastKnownFileType = sourcecode.cpp.h; path = assimp.hpp; sourceTree = "<group>"; };
		4D4E215B1A69CD13006AD680 /* poppack1.h */ = {isa = PBXFileReference; lastKnownFileType = sourcecode.c.h; path = poppack1.h; sourceTree = "<group>"; };
		4D4E215C1A69CD13006AD680 /* pushpack1.h */ = {isa = PBXFileReference; lastKnownFileType = sourcecode.c.h; path = pushpack1.h; sourceTree = "<group>"; };
		4D4E215D1A69CD13006AD680 /* DefaultLogger.h */ = {isa = PBXFileReference; lastKnownFileType = sourcecode.c.h; path = DefaultLogger.h; sourceTree = "<group>"; };
		4D4E215E1A69CD13006AD680 /* IOStream.h */ = {isa = PBXFileReference; lastKnownFileType = sourcecode.c.h; path = IOStream.h; sourceTree = "<group>"; };
		4D4E215F1A69CD13006AD680 /* IOSystem.h */ = {isa = PBXFileReference; lastKnownFileType = sourcecode.c.h; path = IOSystem.h; sourceTree = "<group>"; };
		4D4E21601A69CD13006AD680 /* Logger.h */ = {isa = PBXFileReference; lastKnownFileType = sourcecode.c.h; path = Logger.h; sourceTree = "<group>"; };
		4D4E21611A69CD13006AD680 /* LogStream.h */ = {isa = PBXFileReference; lastKnownFileType = sourcecode.c.h; path = LogStream.h; sourceTree = "<group>"; };
		4D4E21621A69CD13006AD680 /* NullLogger.h */ = {isa = PBXFileReference; lastKnownFileType = sourcecode.c.h; path = NullLogger.h; sourceTree = "<group>"; };
		4D4E21631A69CD13006AD680 /* ProgressHandler.h */ = {isa = PBXFileReference; lastKnownFileType = sourcecode.c.h; path = ProgressHandler.h; sourceTree = "<group>"; };
		4D4E21661A69CD13006AD680 /* assimp.a */ = {isa = PBXFileReference; lastKnownFileType = archive.ar; path = assimp.a; sourceTree = "<group>"; };
		4D4E216D1A69EAA3006AD680 /* libtbb.dylib */ = {isa = PBXFileReference; lastKnownFileType = "compiled.mach-o.dylib"; name = libtbb.dylib; path = "../../../addons/tbb/lib/libc++/libtbb.dylib"; sourceTree = "<group>"; };
		4D4E21721A69FA6A006AD680 /* ofxTransitions.cpp */ = {isa = PBXFileReference; lastKnownFileType = sourcecode.cpp.cpp; path = ofxTransitions.cpp; sourceTree = "<group>"; };
		4D4E21731A69FA6A006AD680 /* ofxTransitions.h */ = {isa = PBXFileReference; lastKnownFileType = sourcecode.c.h; path = ofxTransitions.h; sourceTree = "<group>"; };
		4D4E21741A69FA6A006AD680 /* ofxTweener.cpp */ = {isa = PBXFileReference; lastKnownFileType = sourcecode.cpp.cpp; path = ofxTweener.cpp; sourceTree = "<group>"; };
		4D4E21751A69FA6A006AD680 /* ofxTweener.h */ = {isa = PBXFileReference; lastKnownFileType = sourcecode.c.h; path = ofxTweener.h; sourceTree = "<group>"; };
		4DC004D71A57EBB500C1D6AB /* ofxExportImageSequence.h */ = {isa = PBXFileReference; lastKnownFileType = sourcecode.c.h; path = ofxExportImageSequence.h; sourceTree = "<group>"; };
		4DC004DA1A57EBBB00C1D6AB /* ofxModifierKeys.h */ = {isa = PBXFileReference; lastKnownFileType = sourcecode.c.h; path = ofxModifierKeys.h; sourceTree = "<group>"; };
		4DC004DB1A57EBBB00C1D6AB /* ofxModifierKeys_impl_linux.cpp */ = {isa = PBXFileReference; lastKnownFileType = sourcecode.cpp.cpp; path = ofxModifierKeys_impl_linux.cpp; sourceTree = "<group>"; };
		4DC004DC1A57EBBB00C1D6AB /* ofxModifierKeys_impl_mac.mm */ = {isa = PBXFileReference; lastKnownFileType = sourcecode.cpp.objcpp; path = ofxModifierKeys_impl_mac.mm; sourceTree = "<group>"; };
		4DC004DD1A57EBBB00C1D6AB /* ofxModifierKeys_impl_win.cpp */ = {isa = PBXFileReference; lastKnownFileType = sourcecode.cpp.cpp; path = ofxModifierKeys_impl_win.cpp; sourceTree = "<group>"; };
		4DC004FD1A57EBDA00C1D6AB /* ofxGpuNoise.cpp */ = {isa = PBXFileReference; fileEncoding = 4; lastKnownFileType = sourcecode.cpp.cpp; path = ofxGpuNoise.cpp; sourceTree = "<group>"; };
		4DC004FE1A57EBDA00C1D6AB /* ofxGpuNoise.h */ = {isa = PBXFileReference; fileEncoding = 4; lastKnownFileType = sourcecode.c.h; path = ofxGpuNoise.h; sourceTree = "<group>"; };
		4DC004FF1A57EBDA00C1D6AB /* ofxGpuNoiseShaders.cpp */ = {isa = PBXFileReference; fileEncoding = 4; lastKnownFileType = sourcecode.cpp.cpp; path = ofxGpuNoiseShaders.cpp; sourceTree = "<group>"; };
		4DC005001A57EBDA00C1D6AB /* ofxGpuNoiseShaders.h */ = {isa = PBXFileReference; fileEncoding = 4; lastKnownFileType = sourcecode.c.h; path = ofxGpuNoiseShaders.h; sourceTree = "<group>"; };
		4DC0050D1A57EBEE00C1D6AB /* ad_util.cpp */ = {isa = PBXFileReference; fileEncoding = 4; lastKnownFileType = sourcecode.cpp.cpp; name = ad_util.cpp; path = ../../../module/ad_util.cpp; sourceTree = "<group>"; };
		4DC0050E1A57EBEE00C1D6AB /* ad_util.h */ = {isa = PBXFileReference; fileEncoding = 4; lastKnownFileType = sourcecode.c.h; name = ad_util.h; path = ../../../module/ad_util.h; sourceTree = "<group>"; };
		4DC005121A57EE7200C1D6AB /* ofxFastFboReader.cpp */ = {isa = PBXFileReference; lastKnownFileType = sourcecode.cpp.cpp; path = ofxFastFboReader.cpp; sourceTree = "<group>"; };
		4DC005131A57EE7200C1D6AB /* ofxFastFboReader.h */ = {isa = PBXFileReference; lastKnownFileType = sourcecode.c.h; path = ofxFastFboReader.h; sourceTree = "<group>"; };
		BBAB23BE13894E4700AA2426 /* GLUT.framework */ = {isa = PBXFileReference; lastKnownFileType = wrapper.framework; name = GLUT.framework; path = ../../../libs/glut/lib/osx/GLUT.framework; sourceTree = "<group>"; };
		E4328143138ABC890047C5CB /* openFrameworksLib.xcodeproj */ = {isa = PBXFileReference; lastKnownFileType = "wrapper.pb-project"; name = openFrameworksLib.xcodeproj; path = ../../../libs/openFrameworksCompiled/project/osx/openFrameworksLib.xcodeproj; sourceTree = SOURCE_ROOT; };
		E45BE9710E8CC7DD009D7055 /* AGL.framework */ = {isa = PBXFileReference; lastKnownFileType = wrapper.framework; name = AGL.framework; path = /System/Library/Frameworks/AGL.framework; sourceTree = "<absolute>"; };
		E45BE9720E8CC7DD009D7055 /* ApplicationServices.framework */ = {isa = PBXFileReference; lastKnownFileType = wrapper.framework; name = ApplicationServices.framework; path = /System/Library/Frameworks/ApplicationServices.framework; sourceTree = "<absolute>"; };
		E45BE9730E8CC7DD009D7055 /* AudioToolbox.framework */ = {isa = PBXFileReference; lastKnownFileType = wrapper.framework; name = AudioToolbox.framework; path = /System/Library/Frameworks/AudioToolbox.framework; sourceTree = "<absolute>"; };
		E45BE9750E8CC7DD009D7055 /* CoreAudio.framework */ = {isa = PBXFileReference; lastKnownFileType = wrapper.framework; name = CoreAudio.framework; path = /System/Library/Frameworks/CoreAudio.framework; sourceTree = "<absolute>"; };
		E45BE9760E8CC7DD009D7055 /* CoreFoundation.framework */ = {isa = PBXFileReference; lastKnownFileType = wrapper.framework; name = CoreFoundation.framework; path = /System/Library/Frameworks/CoreFoundation.framework; sourceTree = "<absolute>"; };
		E45BE9770E8CC7DD009D7055 /* CoreServices.framework */ = {isa = PBXFileReference; lastKnownFileType = wrapper.framework; name = CoreServices.framework; path = /System/Library/Frameworks/CoreServices.framework; sourceTree = "<absolute>"; };
		E45BE9790E8CC7DD009D7055 /* OpenGL.framework */ = {isa = PBXFileReference; lastKnownFileType = wrapper.framework; name = OpenGL.framework; path = /System/Library/Frameworks/OpenGL.framework; sourceTree = "<absolute>"; };
		E45BE97A0E8CC7DD009D7055 /* QuickTime.framework */ = {isa = PBXFileReference; lastKnownFileType = wrapper.framework; name = QuickTime.framework; path = /System/Library/Frameworks/QuickTime.framework; sourceTree = "<absolute>"; };
		E4B69B5B0A3A1756003C02F2 /* templateDebug.app */ = {isa = PBXFileReference; explicitFileType = wrapper.application; includeInIndex = 0; path = templateDebug.app; sourceTree = BUILT_PRODUCTS_DIR; };
		E4B69E1D0A3A1BDC003C02F2 /* main.cpp */ = {isa = PBXFileReference; fileEncoding = 30; lastKnownFileType = sourcecode.cpp.cpp; name = main.cpp; path = src/main.cpp; sourceTree = SOURCE_ROOT; };
		E4B69E1E0A3A1BDC003C02F2 /* ofApp.cpp */ = {isa = PBXFileReference; explicitFileType = sourcecode.cpp.cpp; fileEncoding = 30; name = ofApp.cpp; path = src/ofApp.cpp; sourceTree = SOURCE_ROOT; };
		E4B69E1F0A3A1BDC003C02F2 /* ofApp.h */ = {isa = PBXFileReference; fileEncoding = 30; lastKnownFileType = sourcecode.c.h; name = ofApp.h; path = src/ofApp.h; sourceTree = SOURCE_ROOT; };
		E4B6FCAD0C3E899E008CF71C /* openFrameworks-Info.plist */ = {isa = PBXFileReference; fileEncoding = 30; lastKnownFileType = text.plist.xml; path = "openFrameworks-Info.plist"; sourceTree = "<group>"; };
		E4C2424410CC5A17004149E2 /* AppKit.framework */ = {isa = PBXFileReference; lastKnownFileType = wrapper.framework; name = AppKit.framework; path = /System/Library/Frameworks/AppKit.framework; sourceTree = "<absolute>"; };
		E4C2424510CC5A17004149E2 /* Cocoa.framework */ = {isa = PBXFileReference; lastKnownFileType = wrapper.framework; name = Cocoa.framework; path = /System/Library/Frameworks/Cocoa.framework; sourceTree = "<absolute>"; };
		E4C2424610CC5A17004149E2 /* IOKit.framework */ = {isa = PBXFileReference; lastKnownFileType = wrapper.framework; name = IOKit.framework; path = /System/Library/Frameworks/IOKit.framework; sourceTree = "<absolute>"; };
		E4EB691F138AFCF100A09F29 /* CoreOF.xcconfig */ = {isa = PBXFileReference; fileEncoding = 4; lastKnownFileType = text.xcconfig; name = CoreOF.xcconfig; path = ../../../libs/openFrameworksCompiled/project/osx/CoreOF.xcconfig; sourceTree = SOURCE_ROOT; };
		E4EB6923138AFD0F00A09F29 /* Project.xcconfig */ = {isa = PBXFileReference; fileEncoding = 4; lastKnownFileType = text.xcconfig; path = Project.xcconfig; sourceTree = "<group>"; };
		E7E077E415D3B63C0020DFD4 /* CoreVideo.framework */ = {isa = PBXFileReference; lastKnownFileType = wrapper.framework; name = CoreVideo.framework; path = /System/Library/Frameworks/CoreVideo.framework; sourceTree = "<absolute>"; };
		E7E077E715D3B6510020DFD4 /* QTKit.framework */ = {isa = PBXFileReference; lastKnownFileType = wrapper.framework; name = QTKit.framework; path = /System/Library/Frameworks/QTKit.framework; sourceTree = "<absolute>"; };
		E7F985F515E0DE99003869B5 /* Accelerate.framework */ = {isa = PBXFileReference; lastKnownFileType = wrapper.framework; name = Accelerate.framework; path = /System/Library/Frameworks/Accelerate.framework; sourceTree = "<absolute>"; };
/* End PBXFileReference section */

/* Begin PBXFrameworksBuildPhase section */
		E4B69B590A3A1756003C02F2 /* Frameworks */ = {
			isa = PBXFrameworksBuildPhase;
			buildActionMask = 2147483647;
			files = (
				E7F985F815E0DEA3003869B5 /* Accelerate.framework in Frameworks */,
				E7E077E815D3B6510020DFD4 /* QTKit.framework in Frameworks */,
				E4EB6799138ADC1D00A09F29 /* GLUT.framework in Frameworks */,
				4D4E216E1A69EAA3006AD680 /* libtbb.dylib in Frameworks */,
				E4328149138ABC9F0047C5CB /* openFrameworksDebug.a in Frameworks */,
				E45BE97B0E8CC7DD009D7055 /* AGL.framework in Frameworks */,
				E45BE97C0E8CC7DD009D7055 /* ApplicationServices.framework in Frameworks */,
				E45BE97D0E8CC7DD009D7055 /* AudioToolbox.framework in Frameworks */,
				E45BE97F0E8CC7DD009D7055 /* CoreAudio.framework in Frameworks */,
				E45BE9800E8CC7DD009D7055 /* CoreFoundation.framework in Frameworks */,
				4D4E216B1A69CD13006AD680 /* assimp.a in Frameworks */,
				E45BE9810E8CC7DD009D7055 /* CoreServices.framework in Frameworks */,
				E45BE9830E8CC7DD009D7055 /* OpenGL.framework in Frameworks */,
				E45BE9840E8CC7DD009D7055 /* QuickTime.framework in Frameworks */,
				E4C2424710CC5A17004149E2 /* AppKit.framework in Frameworks */,
				E4C2424810CC5A17004149E2 /* Cocoa.framework in Frameworks */,
				E4C2424910CC5A17004149E2 /* IOKit.framework in Frameworks */,
				E7E077E515D3B63C0020DFD4 /* CoreVideo.framework in Frameworks */,
			);
			runOnlyForDeploymentPostprocessing = 0;
		};
/* End PBXFrameworksBuildPhase section */

/* Begin PBXGroup section */
		4D4E21311A69CD13006AD680 /* ofxAssimpModelLoader */ = {
			isa = PBXGroup;
			children = (
				4D4E21321A69CD13006AD680 /* src */,
				4D4E213C1A69CD13006AD680 /* libs */,
			);
			name = ofxAssimpModelLoader;
			sourceTree = "<group>";
		};
		4D4E21321A69CD13006AD680 /* src */ = {
			isa = PBXGroup;
			children = (
				4D4E21331A69CD13006AD680 /* ofxAssimpAnimation.cpp */,
				4D4E21341A69CD13006AD680 /* ofxAssimpAnimation.h */,
				4D4E21351A69CD13006AD680 /* ofxAssimpMeshHelper.cpp */,
				4D4E21361A69CD13006AD680 /* ofxAssimpMeshHelper.h */,
				4D4E21371A69CD13006AD680 /* ofxAssimpModelLoader.cpp */,
				4D4E21381A69CD13006AD680 /* ofxAssimpModelLoader.h */,
				4D4E21391A69CD13006AD680 /* ofxAssimpTexture.cpp */,
				4D4E213A1A69CD13006AD680 /* ofxAssimpTexture.h */,
				4D4E213B1A69CD13006AD680 /* ofxAssimpUtils.h */,
			);
			name = src;
			path = ../../../addons/ofxAssimpModelLoader/src;
			sourceTree = "<group>";
		};
		4D4E213C1A69CD13006AD680 /* libs */ = {
			isa = PBXGroup;
			children = (
				4D4E213D1A69CD13006AD680 /* assimp */,
			);
			name = libs;
			path = ../../../addons/ofxAssimpModelLoader/libs;
			sourceTree = "<group>";
		};
		4D4E213D1A69CD13006AD680 /* assimp */ = {
			isa = PBXGroup;
			children = (
				4D4E213E1A69CD13006AD680 /* include */,
				4D4E21641A69CD13006AD680 /* lib */,
			);
			path = assimp;
			sourceTree = "<group>";
		};
		4D4E213E1A69CD13006AD680 /* include */ = {
			isa = PBXGroup;
			children = (
				4D4E213F1A69CD13006AD680 /* aiAnim.h */,
				4D4E21401A69CD13006AD680 /* aiAssert.h */,
				4D4E21411A69CD13006AD680 /* aiCamera.h */,
				4D4E21421A69CD13006AD680 /* aiColor4D.h */,
				4D4E21431A69CD13006AD680 /* aiColor4D.inl */,
				4D4E21441A69CD13006AD680 /* aiConfig.h */,
				4D4E21451A69CD13006AD680 /* aiDefines.h */,
				4D4E21461A69CD13006AD680 /* aiFileIO.h */,
				4D4E21471A69CD13006AD680 /* aiLight.h */,
				4D4E21481A69CD13006AD680 /* aiMaterial.h */,
				4D4E21491A69CD13006AD680 /* aiMaterial.inl */,
				4D4E214A1A69CD13006AD680 /* aiMatrix3x3.h */,
				4D4E214B1A69CD13006AD680 /* aiMatrix3x3.inl */,
				4D4E214C1A69CD13006AD680 /* aiMatrix4x4.h */,
				4D4E214D1A69CD13006AD680 /* aiMatrix4x4.inl */,
				4D4E214E1A69CD13006AD680 /* aiMesh.h */,
				4D4E214F1A69CD13006AD680 /* aiPostProcess.h */,
				4D4E21501A69CD13006AD680 /* aiQuaternion.h */,
				4D4E21511A69CD13006AD680 /* aiScene.h */,
				4D4E21521A69CD13006AD680 /* aiTexture.h */,
				4D4E21531A69CD13006AD680 /* aiTypes.h */,
				4D4E21541A69CD13006AD680 /* aiVector2D.h */,
				4D4E21551A69CD13006AD680 /* aiVector3D.h */,
				4D4E21561A69CD13006AD680 /* aiVector3D.inl */,
				4D4E21571A69CD13006AD680 /* aiVersion.h */,
				4D4E21581A69CD13006AD680 /* assimp.h */,
				4D4E21591A69CD13006AD680 /* assimp.hpp */,
				4D4E215A1A69CD13006AD680 /* Compiler */,
				4D4E215D1A69CD13006AD680 /* DefaultLogger.h */,
				4D4E215E1A69CD13006AD680 /* IOStream.h */,
				4D4E215F1A69CD13006AD680 /* IOSystem.h */,
				4D4E21601A69CD13006AD680 /* Logger.h */,
				4D4E21611A69CD13006AD680 /* LogStream.h */,
				4D4E21621A69CD13006AD680 /* NullLogger.h */,
				4D4E21631A69CD13006AD680 /* ProgressHandler.h */,
			);
			path = include;
			sourceTree = "<group>";
		};
		4D4E215A1A69CD13006AD680 /* Compiler */ = {
			isa = PBXGroup;
			children = (
				4D4E215B1A69CD13006AD680 /* poppack1.h */,
				4D4E215C1A69CD13006AD680 /* pushpack1.h */,
			);
			path = Compiler;
			sourceTree = "<group>";
		};
		4D4E21641A69CD13006AD680 /* lib */ = {
			isa = PBXGroup;
			children = (
				4D4E21651A69CD13006AD680 /* osx */,
			);
			path = lib;
			sourceTree = "<group>";
		};
		4D4E21651A69CD13006AD680 /* osx */ = {
			isa = PBXGroup;
			children = (
				4D4E21661A69CD13006AD680 /* assimp.a */,
			);
			path = osx;
			sourceTree = "<group>";
		};
		4D4E21701A69FA6A006AD680 /* ofxTweener */ = {
			isa = PBXGroup;
			children = (
				4D4E21711A69FA6A006AD680 /* src */,
			);
			name = ofxTweener;
			sourceTree = "<group>";
		};
		4D4E21711A69FA6A006AD680 /* src */ = {
			isa = PBXGroup;
			children = (
				4D4E21721A69FA6A006AD680 /* ofxTransitions.cpp */,
				4D4E21731A69FA6A006AD680 /* ofxTransitions.h */,
				4D4E21741A69FA6A006AD680 /* ofxTweener.cpp */,
				4D4E21751A69FA6A006AD680 /* ofxTweener.h */,
			);
			name = src;
			path = ../../../addons/ofxTweener/src;
			sourceTree = "<group>";
		};
		4DC004D51A57EBB500C1D6AB /* ofxExportImageSequence */ = {
			isa = PBXGroup;
			children = (
				4DC004D61A57EBB500C1D6AB /* src */,
			);
			name = ofxExportImageSequence;
			sourceTree = "<group>";
		};
		4DC004D61A57EBB500C1D6AB /* src */ = {
			isa = PBXGroup;
			children = (
				4DC004D71A57EBB500C1D6AB /* ofxExportImageSequence.h */,
			);
			name = src;
			path = ../../../addons/ofxExportImageSequence/src;
			sourceTree = "<group>";
		};
		4DC004D81A57EBBB00C1D6AB /* ofxModifierKeys */ = {
			isa = PBXGroup;
			children = (
				4DC004D91A57EBBB00C1D6AB /* src */,
			);
			name = ofxModifierKeys;
			sourceTree = "<group>";
		};
		4DC004D91A57EBBB00C1D6AB /* src */ = {
			isa = PBXGroup;
			children = (
				4DC004DA1A57EBBB00C1D6AB /* ofxModifierKeys.h */,
				4DC004DB1A57EBBB00C1D6AB /* ofxModifierKeys_impl_linux.cpp */,
				4DC004DC1A57EBBB00C1D6AB /* ofxModifierKeys_impl_mac.mm */,
				4DC004DD1A57EBBB00C1D6AB /* ofxModifierKeys_impl_win.cpp */,
			);
			name = src;
			path = ../../../addons/ofxModifierKeys/src;
			sourceTree = "<group>";
		};
		4DC004E11A57EBDA00C1D6AB /* ofxGpuNoise */ = {
			isa = PBXGroup;
			children = (
				4DC004FC1A57EBDA00C1D6AB /* src */,
			);
			name = ofxGpuNoise;
			path = ../../ofxGpuNoise;
			sourceTree = "<group>";
		};
		4DC004FC1A57EBDA00C1D6AB /* src */ = {
			isa = PBXGroup;
			children = (
				4DC004FD1A57EBDA00C1D6AB /* ofxGpuNoise.cpp */,
				4DC004FE1A57EBDA00C1D6AB /* ofxGpuNoise.h */,
				4DC004FF1A57EBDA00C1D6AB /* ofxGpuNoiseShaders.cpp */,
				4DC005001A57EBDA00C1D6AB /* ofxGpuNoiseShaders.h */,
			);
			path = src;
			sourceTree = "<group>";
		};
		4DC005101A57EE7200C1D6AB /* ofxFastFboReader */ = {
			isa = PBXGroup;
			children = (
				4DC005111A57EE7200C1D6AB /* src */,
			);
			name = ofxFastFboReader;
			sourceTree = "<group>";
		};
		4DC005111A57EE7200C1D6AB /* src */ = {
			isa = PBXGroup;
			children = (
				4DC005121A57EE7200C1D6AB /* ofxFastFboReader.cpp */,
				4DC005131A57EE7200C1D6AB /* ofxFastFboReader.h */,
			);
			name = src;
			path = ../../../addons/ofxFastFboReader/src;
			sourceTree = "<group>";
		};
		BB4B014C10F69532006C3DED /* addons */ = {
			isa = PBXGroup;
			children = (
				4D4E21701A69FA6A006AD680 /* ofxTweener */,
				4D4E216D1A69EAA3006AD680 /* libtbb.dylib */,
				4D4E21311A69CD13006AD680 /* ofxAssimpModelLoader */,
				4DC005101A57EE7200C1D6AB /* ofxFastFboReader */,
				4DC004E11A57EBDA00C1D6AB /* ofxGpuNoise */,
				4DC004D81A57EBBB00C1D6AB /* ofxModifierKeys */,
				4DC004D51A57EBB500C1D6AB /* ofxExportImageSequence */,
			);
			name = addons;
			sourceTree = "<group>";
		};
		BBAB23C913894ECA00AA2426 /* system frameworks */ = {
			isa = PBXGroup;
			children = (
				E7F985F515E0DE99003869B5 /* Accelerate.framework */,
				E4C2424410CC5A17004149E2 /* AppKit.framework */,
				E4C2424510CC5A17004149E2 /* Cocoa.framework */,
				E4C2424610CC5A17004149E2 /* IOKit.framework */,
				E45BE9710E8CC7DD009D7055 /* AGL.framework */,
				E45BE9720E8CC7DD009D7055 /* ApplicationServices.framework */,
				E45BE9730E8CC7DD009D7055 /* AudioToolbox.framework */,
				E45BE9750E8CC7DD009D7055 /* CoreAudio.framework */,
				E45BE9760E8CC7DD009D7055 /* CoreFoundation.framework */,
				E45BE9770E8CC7DD009D7055 /* CoreServices.framework */,
				E45BE9790E8CC7DD009D7055 /* OpenGL.framework */,
				E45BE97A0E8CC7DD009D7055 /* QuickTime.framework */,
				E7E077E415D3B63C0020DFD4 /* CoreVideo.framework */,
				E7E077E715D3B6510020DFD4 /* QTKit.framework */,
			);
			name = "system frameworks";
			sourceTree = "<group>";
		};
		BBAB23CA13894EDB00AA2426 /* 3rd party frameworks */ = {
			isa = PBXGroup;
			children = (
				BBAB23BE13894E4700AA2426 /* GLUT.framework */,
			);
			name = "3rd party frameworks";
			sourceTree = "<group>";
		};
		E4328144138ABC890047C5CB /* Products */ = {
			isa = PBXGroup;
			children = (
				E4328148138ABC890047C5CB /* openFrameworksDebug.a */,
			);
			name = Products;
			sourceTree = "<group>";
		};
		E45BE5980E8CC70C009D7055 /* frameworks */ = {
			isa = PBXGroup;
			children = (
				BBAB23CA13894EDB00AA2426 /* 3rd party frameworks */,
				BBAB23C913894ECA00AA2426 /* system frameworks */,
			);
			name = frameworks;
			sourceTree = "<group>";
		};
		E4B69B4A0A3A1720003C02F2 = {
			isa = PBXGroup;
			children = (
				E4B6FCAD0C3E899E008CF71C /* openFrameworks-Info.plist */,
				E4EB6923138AFD0F00A09F29 /* Project.xcconfig */,
				E4B69E1C0A3A1BDC003C02F2 /* src */,
				E4EEC9E9138DF44700A80321 /* openFrameworks */,
				BB4B014C10F69532006C3DED /* addons */,
				E45BE5980E8CC70C009D7055 /* frameworks */,
				E4B69B5B0A3A1756003C02F2 /* templateDebug.app */,
			);
			sourceTree = "<group>";
		};
		E4B69E1C0A3A1BDC003C02F2 /* src */ = {
			isa = PBXGroup;
			children = (
				4DC0050D1A57EBEE00C1D6AB /* ad_util.cpp */,
				4DC0050E1A57EBEE00C1D6AB /* ad_util.h */,
				E4B69E1D0A3A1BDC003C02F2 /* main.cpp */,
				E4B69E1E0A3A1BDC003C02F2 /* ofApp.cpp */,
				E4B69E1F0A3A1BDC003C02F2 /* ofApp.h */,
			);
			path = src;
			sourceTree = SOURCE_ROOT;
		};
		E4EEC9E9138DF44700A80321 /* openFrameworks */ = {
			isa = PBXGroup;
			children = (
				E4EB691F138AFCF100A09F29 /* CoreOF.xcconfig */,
				E4328143138ABC890047C5CB /* openFrameworksLib.xcodeproj */,
			);
			name = openFrameworks;
			sourceTree = "<group>";
		};
/* End PBXGroup section */

/* Begin PBXNativeTarget section */
		E4B69B5A0A3A1756003C02F2 /* template */ = {
			isa = PBXNativeTarget;
			buildConfigurationList = E4B69B5F0A3A1757003C02F2 /* Build configuration list for PBXNativeTarget "template" */;
			buildPhases = (
				E4B69B580A3A1756003C02F2 /* Sources */,
				E4B69B590A3A1756003C02F2 /* Frameworks */,
				E4B6FFFD0C3F9AB9008CF71C /* ShellScript */,
				E4C2427710CC5ABF004149E2 /* CopyFiles */,
			);
			buildRules = (
			);
			dependencies = (
				E4EEB9AC138B136A00A80321 /* PBXTargetDependency */,
			);
			name = template;
			productName = myOFApp;
			productReference = E4B69B5B0A3A1756003C02F2 /* templateDebug.app */;
			productType = "com.apple.product-type.application";
		};
/* End PBXNativeTarget section */

/* Begin PBXProject section */
		E4B69B4C0A3A1720003C02F2 /* Project object */ = {
			isa = PBXProject;
			attributes = {
				LastUpgradeCheck = 0460;
			};
			buildConfigurationList = E4B69B4D0A3A1720003C02F2 /* Build configuration list for PBXProject "template" */;
			compatibilityVersion = "Xcode 3.2";
			developmentRegion = English;
			hasScannedForEncodings = 0;
			knownRegions = (
				English,
				Japanese,
				French,
				German,
			);
			mainGroup = E4B69B4A0A3A1720003C02F2;
			productRefGroup = E4B69B4A0A3A1720003C02F2;
			projectDirPath = "";
			projectReferences = (
				{
					ProductGroup = E4328144138ABC890047C5CB /* Products */;
					ProjectRef = E4328143138ABC890047C5CB /* openFrameworksLib.xcodeproj */;
				},
			);
			projectRoot = "";
			targets = (
				E4B69B5A0A3A1756003C02F2 /* template */,
			);
		};
/* End PBXProject section */

/* Begin PBXReferenceProxy section */
		E4328148138ABC890047C5CB /* openFrameworksDebug.a */ = {
			isa = PBXReferenceProxy;
			fileType = archive.ar;
			path = openFrameworksDebug.a;
			remoteRef = E4328147138ABC890047C5CB /* PBXContainerItemProxy */;
			sourceTree = BUILT_PRODUCTS_DIR;
		};
/* End PBXReferenceProxy section */

/* Begin PBXShellScriptBuildPhase section */
		E4B6FFFD0C3F9AB9008CF71C /* ShellScript */ = {
			isa = PBXShellScriptBuildPhase;
			buildActionMask = 2147483647;
			files = (
			);
			inputPaths = (
			);
			outputPaths = (
			);
			runOnlyForDeploymentPostprocessing = 0;
			shellPath = /bin/sh;
			shellScript = "cp -f ../../../libs/fmodex/lib/osx/libfmodex.dylib \"$TARGET_BUILD_DIR/$PRODUCT_NAME.app/Contents/MacOS/libfmodex.dylib\"; install_name_tool -change ./libfmodex.dylib @executable_path/libfmodex.dylib \"$TARGET_BUILD_DIR/$PRODUCT_NAME.app/Contents/MacOS/$PRODUCT_NAME\";\n\ncp -f ../../../addons/tbb/lib/libc++/libtbb.dylib \"$TARGET_BUILD_DIR/$PRODUCT_NAME.app/Contents/MacOS/libtbb.dylib\";\ninstall_name_tool -change libtbb.dylib @executable_path/libtbb.dylib \"$TARGET_BUILD_DIR/$PRODUCT_NAME.app/Contents/MacOS/$PRODUCT_NAME\";\nmkdir -p \"$TARGET_BUILD_DIR/$PRODUCT_NAME.app/Contents/Resources/\"\ncp -f \"$ICON_FILE\" \"$TARGET_BUILD_DIR/$PRODUCT_NAME.app/Contents/Resources/\"\n";
		};
/* End PBXShellScriptBuildPhase section */

/* Begin PBXSourcesBuildPhase section */
		E4B69B580A3A1756003C02F2 /* Sources */ = {
			isa = PBXSourcesBuildPhase;
			buildActionMask = 2147483647;
			files = (
				4DC005141A57EE7200C1D6AB /* ofxFastFboReader.cpp in Sources */,
				4DC005051A57EBDA00C1D6AB /* ofxGpuNoise.cpp in Sources */,
				4DC005061A57EBDA00C1D6AB /* ofxGpuNoiseShaders.cpp in Sources */,
				4DC004DF1A57EBBB00C1D6AB /* ofxModifierKeys_impl_mac.mm in Sources */,
				E4B69E200A3A1BDC003C02F2 /* main.cpp in Sources */,
				E4B69E210A3A1BDC003C02F2 /* ofApp.cpp in Sources */,
				4D4E21761A69FA6A006AD680 /* ofxTransitions.cpp in Sources */,
				4DC004E01A57EBBB00C1D6AB /* ofxModifierKeys_impl_win.cpp in Sources */,
				4D4E21691A69CD13006AD680 /* ofxAssimpModelLoader.cpp in Sources */,
				4D4E21681A69CD13006AD680 /* ofxAssimpMeshHelper.cpp in Sources */,
				4DC0050F1A57EBEE00C1D6AB /* ad_util.cpp in Sources */,
				4DC004DE1A57EBBB00C1D6AB /* ofxModifierKeys_impl_linux.cpp in Sources */,
				4D4E21671A69CD13006AD680 /* ofxAssimpAnimation.cpp in Sources */,
				4D4E216A1A69CD13006AD680 /* ofxAssimpTexture.cpp in Sources */,
				4D4E21771A69FA6A006AD680 /* ofxTweener.cpp in Sources */,
			);
			runOnlyForDeploymentPostprocessing = 0;
		};
/* End PBXSourcesBuildPhase section */

/* Begin PBXTargetDependency section */
		E4EEB9AC138B136A00A80321 /* PBXTargetDependency */ = {
			isa = PBXTargetDependency;
			name = openFrameworks;
			targetProxy = E4EEB9AB138B136A00A80321 /* PBXContainerItemProxy */;
		};
/* End PBXTargetDependency section */

/* Begin XCBuildConfiguration section */
		E4B69B4E0A3A1720003C02F2 /* Debug */ = {
			isa = XCBuildConfiguration;
			baseConfigurationReference = E4EB6923138AFD0F00A09F29 /* Project.xcconfig */;
			buildSettings = {
				ARCHS = "$(NATIVE_ARCH)";
				CONFIGURATION_BUILD_DIR = "$(SRCROOT)/bin/";
				COPY_PHASE_STRIP = NO;
				DEAD_CODE_STRIPPING = YES;
				GCC_AUTO_VECTORIZATION = YES;
				GCC_ENABLE_SSE3_EXTENSIONS = YES;
				GCC_ENABLE_SUPPLEMENTAL_SSE3_INSTRUCTIONS = YES;
				GCC_INLINES_ARE_PRIVATE_EXTERN = NO;
				GCC_OPTIMIZATION_LEVEL = 0;
				GCC_SYMBOLS_PRIVATE_EXTERN = NO;
				GCC_WARN_ABOUT_DEPRECATED_FUNCTIONS = YES;
				GCC_WARN_ABOUT_INVALID_OFFSETOF_MACRO = NO;
				GCC_WARN_ALLOW_INCOMPLETE_PROTOCOL = NO;
				GCC_WARN_UNINITIALIZED_AUTOS = NO;
				GCC_WARN_UNUSED_VALUE = NO;
				GCC_WARN_UNUSED_VARIABLE = NO;
				HEADER_SEARCH_PATHS = (
					"$(OF_CORE_HEADERS)",
					src,
				);
				MACOSX_DEPLOYMENT_TARGET = 10.6;
				OTHER_CPLUSPLUSFLAGS = (
					"-D__MACOSX_CORE__",
					"-lpthread",
					"-mtune=native",
				);
				SDKROOT = macosx;
			};
			name = Debug;
		};
		E4B69B4F0A3A1720003C02F2 /* Release */ = {
			isa = XCBuildConfiguration;
			baseConfigurationReference = E4EB6923138AFD0F00A09F29 /* Project.xcconfig */;
			buildSettings = {
				ARCHS = "$(NATIVE_ARCH)";
				CONFIGURATION_BUILD_DIR = "$(SRCROOT)/bin/";
				COPY_PHASE_STRIP = YES;
				DEAD_CODE_STRIPPING = YES;
				GCC_AUTO_VECTORIZATION = YES;
				GCC_ENABLE_SSE3_EXTENSIONS = YES;
				GCC_ENABLE_SUPPLEMENTAL_SSE3_INSTRUCTIONS = YES;
				GCC_INLINES_ARE_PRIVATE_EXTERN = NO;
				GCC_OPTIMIZATION_LEVEL = 3;
				GCC_SYMBOLS_PRIVATE_EXTERN = NO;
				GCC_UNROLL_LOOPS = YES;
				GCC_WARN_ABOUT_DEPRECATED_FUNCTIONS = YES;
				GCC_WARN_ABOUT_INVALID_OFFSETOF_MACRO = NO;
				GCC_WARN_ALLOW_INCOMPLETE_PROTOCOL = NO;
				GCC_WARN_UNINITIALIZED_AUTOS = NO;
				GCC_WARN_UNUSED_VALUE = NO;
				GCC_WARN_UNUSED_VARIABLE = NO;
				HEADER_SEARCH_PATHS = (
					"$(OF_CORE_HEADERS)",
					src,
				);
				MACOSX_DEPLOYMENT_TARGET = 10.6;
				OTHER_CPLUSPLUSFLAGS = (
					"-D__MACOSX_CORE__",
					"-lpthread",
					"-mtune=native",
				);
				SDKROOT = macosx;
			};
			name = Release;
		};
		E4B69B600A3A1757003C02F2 /* Debug */ = {
			isa = XCBuildConfiguration;
			buildSettings = {
				COMBINE_HIDPI_IMAGES = YES;
				COPY_PHASE_STRIP = NO;
				FRAMEWORK_SEARCH_PATHS = (
					"$(inherited)",
					"$(FRAMEWORK_SEARCH_PATHS_QUOTED_FOR_TARGET_1)",
				);
				FRAMEWORK_SEARCH_PATHS_QUOTED_FOR_TARGET_1 = "\"$(SRCROOT)/../../../libs/glut/lib/osx\"";
				GCC_DYNAMIC_NO_PIC = NO;
				GCC_GENERATE_DEBUGGING_SYMBOLS = YES;
				GCC_MODEL_TUNING = NONE;
				HEADER_SEARCH_PATHS = (
					"$(OF_CORE_HEADERS)",
					src,
					../../../addons/tbb/include,
				);
				ICON = "$(ICON_NAME_DEBUG)";
				ICON_FILE = "$(ICON_FILE_PATH)$(ICON)";
				INFOPLIST_FILE = "openFrameworks-Info.plist";
				INSTALL_PATH = "$(HOME)/Applications";
				LIBRARY_SEARCH_PATHS = (
					"<Multiple",
					"values>",
					../../../addons/tbb/lib,
					"/Users/matobahiroshi/Desktop/2015_02_3s1e/dev/of_v0.8.4/addons/tbb/lib/libc++",
				);
				PRODUCT_NAME = templateDebug;
				USER_HEADER_SEARCH_PATHS = ../../../addons/ofxAssimpModelLoader/libs/assimp/include/;
				WRAPPER_EXTENSION = app;
			};
			name = Debug;
		};
		E4B69B610A3A1757003C02F2 /* Release */ = {
			isa = XCBuildConfiguration;
			buildSettings = {
				COMBINE_HIDPI_IMAGES = YES;
				COPY_PHASE_STRIP = YES;
				FRAMEWORK_SEARCH_PATHS = (
					"$(inherited)",
					"$(FRAMEWORK_SEARCH_PATHS_QUOTED_FOR_TARGET_1)",
				);
				FRAMEWORK_SEARCH_PATHS_QUOTED_FOR_TARGET_1 = "\"$(SRCROOT)/../../../libs/glut/lib/osx\"";
				GCC_GENERATE_DEBUGGING_SYMBOLS = YES;
				GCC_MODEL_TUNING = NONE;
				HEADER_SEARCH_PATHS = (
					"$(OF_CORE_HEADERS)",
					src,
					../../../addons/tbb/include,
				);
				ICON = "$(ICON_NAME_RELEASE)";
				ICON_FILE = "$(ICON_FILE_PATH)$(ICON)";
				INFOPLIST_FILE = "openFrameworks-Info.plist";
				INSTALL_PATH = "$(HOME)/Applications";
				LIBRARY_SEARCH_PATHS = (
					"<Multiple",
					"values>",
					../../../addons/tbb/lib,
					"/Users/matobahiroshi/Desktop/2015_02_3s1e/dev/of_v0.8.4/addons/tbb/lib/libc++",
				);
				PRODUCT_NAME = template;
				USER_HEADER_SEARCH_PATHS = ../../../addons/ofxAssimpModelLoader/libs/assimp/include/;
				WRAPPER_EXTENSION = app;
			};
			name = Release;
		};
/* End XCBuildConfiguration section */

/* Begin XCConfigurationList section */
		E4B69B4D0A3A1720003C02F2 /* Build configuration list for PBXProject "template" */ = {
			isa = XCConfigurationList;
			buildConfigurations = (
				E4B69B4E0A3A1720003C02F2 /* Debug */,
				E4B69B4F0A3A1720003C02F2 /* Release */,
			);
			defaultConfigurationIsVisible = 0;
			defaultConfigurationName = Release;
		};
		E4B69B5F0A3A1757003C02F2 /* Build configuration list for PBXNativeTarget "template" */ = {
			isa = XCConfigurationList;
			buildConfigurations = (
				E4B69B600A3A1757003C02F2 /* Debug */,
				E4B69B610A3A1757003C02F2 /* Release */,
			);
			defaultConfigurationIsVisible = 0;
			defaultConfigurationName = Release;
		};
/* End XCConfigurationList section */
	};
	rootObject = E4B69B4C0A3A1720003C02F2 /* Project object */;
}
